
Microsoft Visual Studio Solution File, Format Version 12.00
# Visual Studio Version 16
VisualStudioVersion = 16.0.33328.57
MinimumVisualStudioVersion = 10.0.40219.1
Project("{FAE04EC0-301F-11D3-BF4B-00C04F79EFBC}") = "library", "library\library.csproj", "{0FC75E74-F369-4022-8FE2-C8E261FBD520}"
EndProject
Project("{FAE04EC0-301F-11D3-BF4B-00C04F79EFBC}") = "usuWeb", "usuWeb\usuWeb.csproj", "{8B4A185A-A92A-44B6-9C9E-62F4EC23482A}"
EndProject
Global
	GlobalSection(SolutionConfigurationPlatforms) = preSolution
		Debug|Any CPU = Debug|Any CPU
		Release|Any CPU = Release|Any CPU
	EndGlobalSection
	GlobalSection(ProjectConfigurationPlatforms) = postSolution
		{0FC75E74-F369-4022-8FE2-C8E261FBD520}.Debug|Any CPU.ActiveCfg = Debug|Any CPU
		{0FC75E74-F369-4022-8FE2-C8E261FBD520}.Debug|Any CPU.Build.0 = Debug|Any CPU
		{0FC75E74-F369-4022-8FE2-C8E261FBD520}.Release|Any CPU.ActiveCfg = Release|Any CPU
		{0FC75E74-F369-4022-8FE2-C8E261FBD520}.Release|Any CPU.Build.0 = Release|Any CPU
		{8B4A185A-A92A-44B6-9C9E-62F4EC23482A}.Debug|Any CPU.ActiveCfg = Debug|Any CPU
		{8B4A185A-A92A-44B6-9C9E-62F4EC23482A}.Debug|Any CPU.Build.0 = Debug|Any CPU
		{8B4A185A-A92A-44B6-9C9E-62F4EC23482A}.Release|Any CPU.ActiveCfg = Release|Any CPU
		{8B4A185A-A92A-44B6-9C9E-62F4EC23482A}.Release|Any CPU.Build.0 = Release|Any CPU
	EndGlobalSection
	GlobalSection(SolutionProperties) = preSolution
		HideSolutionNode = FALSE
	EndGlobalSection
	GlobalSection(ExtensibilityGlobals) = postSolution
		SolutionGuid = {607E68E2-368E-43E2-B60A-2D2B06ED64B4}
	EndGlobalSection
EndGlobal
